
Microsoft Visual Studio Solution File, Format Version 12.00
# Visual Studio Version 17
VisualStudioVersion = 17.2.32616.157
MinimumVisualStudioVersion = 10.0.40219.1
Project("{FAE04EC0-301F-11D3-BF4B-00C04F79EFBC}") = "SaffariParkApp", "SaffariParkApp\SaffariParkApp.csproj", "{071B40EE-FBF2-4330-9EE8-96CB3011D430}"
EndProject
Project("{FAE04EC0-301F-11D3-BF4B-00C04F79EFBC}") = "SaffariParkTest", "SaffariParkTest\SaffariParkTest.csproj", "{84B656FA-C66F-4BCF-AEDC-30C73FA0A1FA}"
EndProject
Global
	GlobalSection(SolutionConfigurationPlatforms) = preSolution
		Debug|Any CPU = Debug|Any CPU
		Release|Any CPU = Release|Any CPU
	EndGlobalSection
	GlobalSection(ProjectConfigurationPlatforms) = postSolution
		{071B40EE-FBF2-4330-9EE8-96CB3011D430}.Debug|Any CPU.ActiveCfg = Debug|Any CPU
		{071B40EE-FBF2-4330-9EE8-96CB3011D430}.Debug|Any CPU.Build.0 = Debug|Any CPU
		{071B40EE-FBF2-4330-9EE8-96CB3011D430}.Release|Any CPU.ActiveCfg = Release|Any CPU
		{071B40EE-FBF2-4330-9EE8-96CB3011D430}.Release|Any CPU.Build.0 = Release|Any CPU
		{84B656FA-C66F-4BCF-AEDC-30C73FA0A1FA}.Debug|Any CPU.ActiveCfg = Debug|Any CPU
		{84B656FA-C66F-4BCF-AEDC-30C73FA0A1FA}.Debug|Any CPU.Build.0 = Debug|Any CPU
		{84B656FA-C66F-4BCF-AEDC-30C73FA0A1FA}.Release|Any CPU.ActiveCfg = Release|Any CPU
		{84B656FA-C66F-4BCF-AEDC-30C73FA0A1FA}.Release|Any CPU.Build.0 = Release|Any CPU
	EndGlobalSection
	GlobalSection(SolutionProperties) = preSolution
		HideSolutionNode = FALSE
	EndGlobalSection
	GlobalSection(ExtensibilityGlobals) = postSolution
		SolutionGuid = {4DD3B031-02F5-4C7F-8018-10832AAD29E1}
	EndGlobalSection
EndGlobal
