
Microsoft Visual Studio Solution File, Format Version 12.00
# Visual Studio Version 17
VisualStudioVersion = 17.2.32526.322
MinimumVisualStudioVersion = 10.0.40219.1
Project("{9A19103F-16F7-4668-BE54-9A1E7A4F7556}") = "OperatorsApp", "OperatorsApp\OperatorsApp.csproj", "{5D5123BB-9391-495D-A416-01295071E27E}"
EndProject
Project("{FAE04EC0-301F-11D3-BF4B-00C04F79EFBC}") = "OperatorsControlFlowTests", "OperatorsControlFlowTests\OperatorsControlFlowTests.csproj", "{00C1744D-7AC9-4422-96F2-2C6791F63688}"
EndProject
Project("{FAE04EC0-301F-11D3-BF4B-00C04F79EFBC}") = "ControlFlowApp", "ControlFlowApp\ControlFlowApp.csproj", "{86D6A659-1A04-4443-B502-E9C36CB5E7A3}"
EndProject
Global
	GlobalSection(SolutionConfigurationPlatforms) = preSolution
		Debug|Any CPU = Debug|Any CPU
		Release|Any CPU = Release|Any CPU
	EndGlobalSection
	GlobalSection(ProjectConfigurationPlatforms) = postSolution
		{5D5123BB-9391-495D-A416-01295071E27E}.Debug|Any CPU.ActiveCfg = Debug|Any CPU
		{5D5123BB-9391-495D-A416-01295071E27E}.Debug|Any CPU.Build.0 = Debug|Any CPU
		{5D5123BB-9391-495D-A416-01295071E27E}.Release|Any CPU.ActiveCfg = Release|Any CPU
		{5D5123BB-9391-495D-A416-01295071E27E}.Release|Any CPU.Build.0 = Release|Any CPU
		{00C1744D-7AC9-4422-96F2-2C6791F63688}.Debug|Any CPU.ActiveCfg = Debug|Any CPU
		{00C1744D-7AC9-4422-96F2-2C6791F63688}.Debug|Any CPU.Build.0 = Debug|Any CPU
		{00C1744D-7AC9-4422-96F2-2C6791F63688}.Release|Any CPU.ActiveCfg = Release|Any CPU
		{00C1744D-7AC9-4422-96F2-2C6791F63688}.Release|Any CPU.Build.0 = Release|Any CPU
		{86D6A659-1A04-4443-B502-E9C36CB5E7A3}.Debug|Any CPU.ActiveCfg = Debug|Any CPU
		{86D6A659-1A04-4443-B502-E9C36CB5E7A3}.Debug|Any CPU.Build.0 = Debug|Any CPU
		{86D6A659-1A04-4443-B502-E9C36CB5E7A3}.Release|Any CPU.ActiveCfg = Release|Any CPU
		{86D6A659-1A04-4443-B502-E9C36CB5E7A3}.Release|Any CPU.Build.0 = Release|Any CPU
	EndGlobalSection
	GlobalSection(SolutionProperties) = preSolution
		HideSolutionNode = FALSE
	EndGlobalSection
	GlobalSection(ExtensibilityGlobals) = postSolution
		SolutionGuid = {863E3155-6F7F-42FF-B4BE-27A81A612979}
	EndGlobalSection
EndGlobal
