
Microsoft Visual Studio Solution File, Format Version 12.00
# Visual Studio Version 17
VisualStudioVersion = 17.2.32630.192
MinimumVisualStudioVersion = 10.0.40219.1
Project("{FAE04EC0-301F-11D3-BF4B-00C04F79EFBC}") = "APIClientApp", "APIClientApp\APIClientApp.csproj", "{D1401EB9-12C5-442D-BC98-A8930035C5CA}"
EndProject
Project("{FAE04EC0-301F-11D3-BF4B-00C04F79EFBC}") = "APITestApp", "APITestApp\APITestApp.csproj", "{587F3985-61FA-4F61-A748-12B1DF568DB5}"
EndProject
Global
	GlobalSection(SolutionConfigurationPlatforms) = preSolution
		Debug|Any CPU = Debug|Any CPU
		Release|Any CPU = Release|Any CPU
	EndGlobalSection
	GlobalSection(ProjectConfigurationPlatforms) = postSolution
		{D1401EB9-12C5-442D-BC98-A8930035C5CA}.Debug|Any CPU.ActiveCfg = Debug|Any CPU
		{D1401EB9-12C5-442D-BC98-A8930035C5CA}.Debug|Any CPU.Build.0 = Debug|Any CPU
		{D1401EB9-12C5-442D-BC98-A8930035C5CA}.Release|Any CPU.ActiveCfg = Release|Any CPU
		{D1401EB9-12C5-442D-BC98-A8930035C5CA}.Release|Any CPU.Build.0 = Release|Any CPU
		{587F3985-61FA-4F61-A748-12B1DF568DB5}.Debug|Any CPU.ActiveCfg = Debug|Any CPU
		{587F3985-61FA-4F61-A748-12B1DF568DB5}.Debug|Any CPU.Build.0 = Debug|Any CPU
		{587F3985-61FA-4F61-A748-12B1DF568DB5}.Release|Any CPU.ActiveCfg = Release|Any CPU
		{587F3985-61FA-4F61-A748-12B1DF568DB5}.Release|Any CPU.Build.0 = Release|Any CPU
	EndGlobalSection
	GlobalSection(SolutionProperties) = preSolution
		HideSolutionNode = FALSE
	EndGlobalSection
	GlobalSection(ExtensibilityGlobals) = postSolution
		SolutionGuid = {3C48F469-74F5-4FD7-B66F-3C5AC7A84E8B}
	EndGlobalSection
EndGlobal
