
Microsoft Visual Studio Solution File, Format Version 12.00
# Visual Studio Version 17
VisualStudioVersion = 17.2.32616.157
MinimumVisualStudioVersion = 10.0.40219.1
Project("{FAE04EC0-301F-11D3-BF4B-00C04F79EFBC}") = "MergeSortExampleApp", "MergeSortExampleApp\MergeSortExampleApp.csproj", "{D86FA7D6-FB23-4060-A3FF-752902A2428F}"
EndProject
Project("{FAE04EC0-301F-11D3-BF4B-00C04F79EFBC}") = "MergeSortExampleTests", "MergeSortExampleTests\MergeSortExampleTests.csproj", "{1B3C2BDA-2A56-4FED-93C9-22654698276F}"
EndProject
Global
	GlobalSection(SolutionConfigurationPlatforms) = preSolution
		Debug|Any CPU = Debug|Any CPU
		Release|Any CPU = Release|Any CPU
	EndGlobalSection
	GlobalSection(ProjectConfigurationPlatforms) = postSolution
		{D86FA7D6-FB23-4060-A3FF-752902A2428F}.Debug|Any CPU.ActiveCfg = Debug|Any CPU
		{D86FA7D6-FB23-4060-A3FF-752902A2428F}.Debug|Any CPU.Build.0 = Debug|Any CPU
		{D86FA7D6-FB23-4060-A3FF-752902A2428F}.Release|Any CPU.ActiveCfg = Release|Any CPU
		{D86FA7D6-FB23-4060-A3FF-752902A2428F}.Release|Any CPU.Build.0 = Release|Any CPU
		{1B3C2BDA-2A56-4FED-93C9-22654698276F}.Debug|Any CPU.ActiveCfg = Debug|Any CPU
		{1B3C2BDA-2A56-4FED-93C9-22654698276F}.Debug|Any CPU.Build.0 = Debug|Any CPU
		{1B3C2BDA-2A56-4FED-93C9-22654698276F}.Release|Any CPU.ActiveCfg = Release|Any CPU
		{1B3C2BDA-2A56-4FED-93C9-22654698276F}.Release|Any CPU.Build.0 = Release|Any CPU
	EndGlobalSection
	GlobalSection(SolutionProperties) = preSolution
		HideSolutionNode = FALSE
	EndGlobalSection
	GlobalSection(ExtensibilityGlobals) = postSolution
		SolutionGuid = {256FBFC0-DA8F-4948-912A-17DF1782BF91}
	EndGlobalSection
EndGlobal
