
Microsoft Visual Studio Solution File, Format Version 12.00
# Visual Studio Version 17
VisualStudioVersion = 17.2.32630.192
MinimumVisualStudioVersion = 10.0.40219.1
Project("{FAE04EC0-301F-11D3-BF4B-00C04F79EFBC}") = "MVCSortingApp", "MVCSortingApp\MVCSortingApp.csproj", "{BDBF4F20-020B-4EA2-884E-1FE1E16E79E8}"
EndProject
Project("{FAE04EC0-301F-11D3-BF4B-00C04F79EFBC}") = "MVCSortingController", "MVCSortingController\MVCSortingController.csproj", "{960C09D1-A2B6-4A48-8F42-04A0838E7BAB}"
EndProject
Project("{FAE04EC0-301F-11D3-BF4B-00C04F79EFBC}") = "MVCSortingModel", "MVCSortingModel\MVCSortingModel.csproj", "{A39B8165-DCBC-418E-80D4-F0E615662F02}"
EndProject
Project("{FAE04EC0-301F-11D3-BF4B-00C04F79EFBC}") = "MVCSortingTests", "MVCSortingTests\MVCSortingTests.csproj", "{101CAE16-A851-4B47-A27E-B10ADE603719}"
EndProject
Global
	GlobalSection(SolutionConfigurationPlatforms) = preSolution
		Debug|Any CPU = Debug|Any CPU
		Release|Any CPU = Release|Any CPU
	EndGlobalSection
	GlobalSection(ProjectConfigurationPlatforms) = postSolution
		{BDBF4F20-020B-4EA2-884E-1FE1E16E79E8}.Debug|Any CPU.ActiveCfg = Debug|Any CPU
		{BDBF4F20-020B-4EA2-884E-1FE1E16E79E8}.Debug|Any CPU.Build.0 = Debug|Any CPU
		{BDBF4F20-020B-4EA2-884E-1FE1E16E79E8}.Release|Any CPU.ActiveCfg = Release|Any CPU
		{BDBF4F20-020B-4EA2-884E-1FE1E16E79E8}.Release|Any CPU.Build.0 = Release|Any CPU
		{960C09D1-A2B6-4A48-8F42-04A0838E7BAB}.Debug|Any CPU.ActiveCfg = Debug|Any CPU
		{960C09D1-A2B6-4A48-8F42-04A0838E7BAB}.Debug|Any CPU.Build.0 = Debug|Any CPU
		{960C09D1-A2B6-4A48-8F42-04A0838E7BAB}.Release|Any CPU.ActiveCfg = Release|Any CPU
		{960C09D1-A2B6-4A48-8F42-04A0838E7BAB}.Release|Any CPU.Build.0 = Release|Any CPU
		{A39B8165-DCBC-418E-80D4-F0E615662F02}.Debug|Any CPU.ActiveCfg = Debug|Any CPU
		{A39B8165-DCBC-418E-80D4-F0E615662F02}.Debug|Any CPU.Build.0 = Debug|Any CPU
		{A39B8165-DCBC-418E-80D4-F0E615662F02}.Release|Any CPU.ActiveCfg = Release|Any CPU
		{A39B8165-DCBC-418E-80D4-F0E615662F02}.Release|Any CPU.Build.0 = Release|Any CPU
		{101CAE16-A851-4B47-A27E-B10ADE603719}.Debug|Any CPU.ActiveCfg = Debug|Any CPU
		{101CAE16-A851-4B47-A27E-B10ADE603719}.Debug|Any CPU.Build.0 = Debug|Any CPU
		{101CAE16-A851-4B47-A27E-B10ADE603719}.Release|Any CPU.ActiveCfg = Release|Any CPU
		{101CAE16-A851-4B47-A27E-B10ADE603719}.Release|Any CPU.Build.0 = Release|Any CPU
	EndGlobalSection
	GlobalSection(SolutionProperties) = preSolution
		HideSolutionNode = FALSE
	EndGlobalSection
	GlobalSection(ExtensibilityGlobals) = postSolution
		SolutionGuid = {92B249AE-43AA-46DD-B321-B4CDA8D78CCF}
	EndGlobalSection
EndGlobal
